Microsoft Visual Studio Solution File, Format Version 11.00
# Visual Studio 2008

Project("{9370026C-F837-3CB0-B5C2-452201E8CC7B}") = "pacman copy", "Assembly-CSharp.csproj", "{053FB643-6E66-C10E-4D53-399453B13F4D}"
EndProject
Global
	GlobalSection(SolutionConfigurationPlatforms) = preSolution
		Debug|Any CPU = Debug|Any CPU
		Release|Any CPU = Release|Any CPU
	EndGlobalSection
	GlobalSection(ProjectConfigurationPlatforms) = postSolution
		{053FB643-6E66-C10E-4D53-399453B13F4D}.Debug|Any CPU.ActiveCfg = Debug|Any CPU
		{053FB643-6E66-C10E-4D53-399453B13F4D}.Debug|Any CPU.Build.0 = Debug|Any CPU
		{053FB643-6E66-C10E-4D53-399453B13F4D}.Release|Any CPU.ActiveCfg = Release|Any CPU
		{053FB643-6E66-C10E-4D53-399453B13F4D}.Release|Any CPU.Build.0 = Release|Any CPU
	EndGlobalSection
	GlobalSection(SolutionProperties) = preSolution
		HideSolutionNode = FALSE
	EndGlobalSection
	GlobalSection(MonoDevelopProperties) = preSolution
		StartupItem = Assembly-CSharp.csproj
	EndGlobalSection
EndGlobal
